
Microsoft Visual Studio Solution File, Format Version 12.00
# Visual Studio Version 17
VisualStudioVersion = 17.2.32630.192
MinimumVisualStudioVersion = 10.0.40219.1
Project("{FAE04EC0-301F-11D3-BF4B-00C04F79EFBC}") = "Assign2", "Assign2.csproj", "{EEA1DF07-14B1-46C9-9ACC-260801B79B93}"
EndProject
Global
	GlobalSection(SolutionConfigurationPlatforms) = preSolution
		Debug|Any CPU = Debug|Any CPU
		Release|Any CPU = Release|Any CPU
	EndGlobalSection
	GlobalSection(ProjectConfigurationPlatforms) = postSolution
		{EEA1DF07-14B1-46C9-9ACC-260801B79B93}.Debug|Any CPU.ActiveCfg = Debug|Any CPU
		{EEA1DF07-14B1-46C9-9ACC-260801B79B93}.Debug|Any CPU.Build.0 = Debug|Any CPU
		{EEA1DF07-14B1-46C9-9ACC-260801B79B93}.Release|Any CPU.ActiveCfg = Release|Any CPU
		{EEA1DF07-14B1-46C9-9ACC-260801B79B93}.Release|Any CPU.Build.0 = Release|Any CPU
	EndGlobalSection
	GlobalSection(SolutionProperties) = preSolution
		HideSolutionNode = FALSE
	EndGlobalSection
	GlobalSection(ExtensibilityGlobals) = postSolution
		SolutionGuid = {7E76F2DE-8883-497A-BC08-61619F96D201}
	EndGlobalSection
EndGlobal
